
Microsoft Visual Studio Solution File, Format Version 12.00
# Visual Studio Version 17
VisualStudioVersion = 17.4.33213.308
MinimumVisualStudioVersion = 10.0.40219.1
Project("{FAE04EC0-301F-11D3-BF4B-00C04F79EFBC}") = "Coffee", "Coffee\Coffee.csproj", "{81FBB24C-FFE3-47F3-930A-77EB4E443288}"
EndProject
Project("{FAE04EC0-301F-11D3-BF4B-00C04F79EFBC}") = "CoffeeLibrary", "CoffeeLibrary\CoffeeLibrary.csproj", "{B07FF68B-01D7-461B-9A48-8E91F9704A7F}"
EndProject
Project("{FAE04EC0-301F-11D3-BF4B-00C04F79EFBC}") = "CoffeTest1", "CoffeTest1\CoffeTest1.csproj", "{9F4A179A-DBD6-49C7-9691-1E5317E02E7A}"
EndProject
Global
	GlobalSection(SolutionConfigurationPlatforms) = preSolution
		Debug|Any CPU = Debug|Any CPU
		Release|Any CPU = Release|Any CPU
	EndGlobalSection
	GlobalSection(ProjectConfigurationPlatforms) = postSolution
		{81FBB24C-FFE3-47F3-930A-77EB4E443288}.Debug|Any CPU.ActiveCfg = Debug|Any CPU
		{81FBB24C-FFE3-47F3-930A-77EB4E443288}.Debug|Any CPU.Build.0 = Debug|Any CPU
		{81FBB24C-FFE3-47F3-930A-77EB4E443288}.Release|Any CPU.ActiveCfg = Release|Any CPU
		{81FBB24C-FFE3-47F3-930A-77EB4E443288}.Release|Any CPU.Build.0 = Release|Any CPU
		{B07FF68B-01D7-461B-9A48-8E91F9704A7F}.Debug|Any CPU.ActiveCfg = Debug|Any CPU
		{B07FF68B-01D7-461B-9A48-8E91F9704A7F}.Debug|Any CPU.Build.0 = Debug|Any CPU
		{B07FF68B-01D7-461B-9A48-8E91F9704A7F}.Release|Any CPU.ActiveCfg = Release|Any CPU
		{B07FF68B-01D7-461B-9A48-8E91F9704A7F}.Release|Any CPU.Build.0 = Release|Any CPU
		{9F4A179A-DBD6-49C7-9691-1E5317E02E7A}.Debug|Any CPU.ActiveCfg = Debug|Any CPU
		{9F4A179A-DBD6-49C7-9691-1E5317E02E7A}.Debug|Any CPU.Build.0 = Debug|Any CPU
		{9F4A179A-DBD6-49C7-9691-1E5317E02E7A}.Release|Any CPU.ActiveCfg = Release|Any CPU
		{9F4A179A-DBD6-49C7-9691-1E5317E02E7A}.Release|Any CPU.Build.0 = Release|Any CPU
	EndGlobalSection
	GlobalSection(SolutionProperties) = preSolution
		HideSolutionNode = FALSE
	EndGlobalSection
	GlobalSection(ExtensibilityGlobals) = postSolution
		SolutionGuid = {DAC42E9B-546C-4F28-8920-9978FCA57A2F}
	EndGlobalSection
EndGlobal
